
Microsoft Visual Studio Solution File, Format Version 12.00
# Visual Studio 15
Project("{FAE04EC0-301F-11D3-BF4B-00C04F79EFBC}") = "Assembly-CSharp", "Assembly-CSharp.csproj", "{08D71914-7F4B-40B3-5239-C3248E0A9CF9}"
EndProject
Project("{FAE04EC0-301F-11D3-BF4B-00C04F79EFBC}") = "Assembly-CSharp-Editor", "Assembly-CSharp-Editor.csproj", "{8FAA8602-16B2-C225-3719-B954691D4480}"
EndProject
Global
	GlobalSection(SolutionConfigurationPlatforms) = preSolution
		Debug|Any CPU = Debug|Any CPU
		Release|Any CPU = Release|Any CPU
	EndGlobalSection
	GlobalSection(ProjectConfigurationPlatforms) = postSolution
		{08D71914-7F4B-40B3-5239-C3248E0A9CF9}.Debug|Any CPU.ActiveCfg = Debug|Any CPU
		{08D71914-7F4B-40B3-5239-C3248E0A9CF9}.Debug|Any CPU.Build.0 = Debug|Any CPU
		{08D71914-7F4B-40B3-5239-C3248E0A9CF9}.Release|Any CPU.ActiveCfg = Release|Any CPU
		{08D71914-7F4B-40B3-5239-C3248E0A9CF9}.Release|Any CPU.Build.0 = Release|Any CPU
		{8FAA8602-16B2-C225-3719-B954691D4480}.Debug|Any CPU.ActiveCfg = Debug|Any CPU
		{8FAA8602-16B2-C225-3719-B954691D4480}.Debug|Any CPU.Build.0 = Debug|Any CPU
		{8FAA8602-16B2-C225-3719-B954691D4480}.Release|Any CPU.ActiveCfg = Release|Any CPU
		{8FAA8602-16B2-C225-3719-B954691D4480}.Release|Any CPU.Build.0 = Release|Any CPU
	EndGlobalSection
	GlobalSection(SolutionProperties) = preSolution
		HideSolutionNode = FALSE
	EndGlobalSection
EndGlobal
